// !$*UTF8*$!
{
	archiveVersion = 1;
	classes = {
	};
	objectVersion = 50;
	objects = {

/* Begin PBXBuildFile section */
		1F7AA015F92C95236EF93DC9 /* Pods_SpotyfiendUITests.framework in Frameworks */ = {isa = PBXBuildFile; fileRef = 89775CDB06649B30B0F12D5C /* Pods_SpotyfiendUITests.framework */; };
		23C75CCDBBEC60D694673440 /* Pods_SpotyfiendTests.framework in Frameworks */ = {isa = PBXBuildFile; fileRef = D74110C06D0DF4BE6C920B28 /* Pods_SpotyfiendTests.framework */; };
		4AE585CF2238472C0082DF0E /* FlowCoordinator.swift in Sources */ = {isa = PBXBuildFile; fileRef = 4AE585B52238472C0082DF0E /* FlowCoordinator.swift */; };
		4AE585D02238472C0082DF0E /* Dependencies.swift in Sources */ = {isa = PBXBuildFile; fileRef = 4AE585B62238472C0082DF0E /* Dependencies.swift */; };
		4AE585D12238472C0082DF0E /* ViewModel.swift in Sources */ = {isa = PBXBuildFile; fileRef = 4AE585B72238472C0082DF0E /* ViewModel.swift */; };
		4AE585D22238472C0082DF0E /* FlowCoordinatorViewController.swift in Sources */ = {isa = PBXBuildFile; fileRef = 4AE585B82238472C0082DF0E /* FlowCoordinatorViewController.swift */; };
		4AE585D32238472C0082DF0E /* SettingsViewModel.swift in Sources */ = {isa = PBXBuildFile; fileRef = 4AE585BA2238472C0082DF0E /* SettingsViewModel.swift */; };
		4AE585D42238472C0082DF0E /* SettingsCoordinator.swift in Sources */ = {isa = PBXBuildFile; fileRef = 4AE585BB2238472C0082DF0E /* SettingsCoordinator.swift */; };
		4AE585D52238472C0082DF0E /* SettingsViewController.xib in Resources */ = {isa = PBXBuildFile; fileRef = 4AE585BC2238472C0082DF0E /* SettingsViewController.xib */; };
		4AE585D62238472C0082DF0E /* SettingsViewController.swift in Sources */ = {isa = PBXBuildFile; fileRef = 4AE585BD2238472C0082DF0E /* SettingsViewController.swift */; };
		4AE585D72238472C0082DF0E /* Assets.xcassets in Resources */ = {isa = PBXBuildFile; fileRef = 4AE585BF2238472C0082DF0E /* Assets.xcassets */; };
		4AE585D92238472C0082DF0E /* HomeViewController.swift in Sources */ = {isa = PBXBuildFile; fileRef = 4AE585C12238472C0082DF0E /* HomeViewController.swift */; };
		4AE585DA2238472C0082DF0E /* HomeViewModel.swift in Sources */ = {isa = PBXBuildFile; fileRef = 4AE585C32238472C0082DF0E /* HomeViewModel.swift */; };
		4AE585DB2238472C0082DF0E /* HomeViewController.xib in Resources */ = {isa = PBXBuildFile; fileRef = 4AE585C42238472C0082DF0E /* HomeViewController.xib */; };
		4AE585DC2238472C0082DF0E /* HomeCoordinator.swift in Sources */ = {isa = PBXBuildFile; fileRef = 4AE585C52238472C0082DF0E /* HomeCoordinator.swift */; };
		4AE585DD2238472C0082DF0E /* AppCoordinator.swift in Sources */ = {isa = PBXBuildFile; fileRef = 4AE585C72238472C0082DF0E /* AppCoordinator.swift */; };
		4AE585DF2238472C0082DF0E /* AppDelegate.swift in Sources */ = {isa = PBXBuildFile; fileRef = 4AE585CA2238472C0082DF0E /* AppDelegate.swift */; };
		4AE585E02238472C0082DF0E /* SearchViewController.swift in Sources */ = {isa = PBXBuildFile; fileRef = 4AE585CC2238472C0082DF0E /* SearchViewController.swift */; };
		4AE585E12238472C0082DF0E /* SearchCoordinator.swift in Sources */ = {isa = PBXBuildFile; fileRef = 4AE585CD2238472C0082DF0E /* SearchCoordinator.swift */; };
		4AE585E22238472C0082DF0E /* SearchViewController.xib in Resources */ = {isa = PBXBuildFile; fileRef = 4AE585CE2238472C0082DF0E /* SearchViewController.xib */; };
		4AE585E32238484E0082DF0E /* LaunchScreen.storyboard in Resources */ = {isa = PBXBuildFile; fileRef = 4AE585C82238472C0082DF0E /* LaunchScreen.storyboard */; };
		4AE585E622384BFC0082DF0E /* SpotifyConstants.swift in Sources */ = {isa = PBXBuildFile; fileRef = 4AE585E522384BFC0082DF0E /* SpotifyConstants.swift */; };
		4AE585F2223851B50082DF0E /* SpotifyService.swift in Sources */ = {isa = PBXBuildFile; fileRef = 4AE585F1223851B50082DF0E /* SpotifyService.swift */; };
		4AE585F422397D690082DF0E /* AsynchronousOperation.swift in Sources */ = {isa = PBXBuildFile; fileRef = 4AE585F322397D690082DF0E /* AsynchronousOperation.swift */; };
		4AE585F722397DB60082DF0E /* SearchArtistOperation.swift in Sources */ = {isa = PBXBuildFile; fileRef = 4AE585F622397DB60082DF0E /* SearchArtistOperation.swift */; };
		4AEC4B1A223844B4004BC04C /* SpotyfiendTests.swift in Sources */ = {isa = PBXBuildFile; fileRef = 4AEC4B19223844B4004BC04C /* SpotyfiendTests.swift */; };
		4AEC4B25223844B4004BC04C /* SpotyfiendUITests.swift in Sources */ = {isa = PBXBuildFile; fileRef = 4AEC4B24223844B4004BC04C /* SpotyfiendUITests.swift */; };
		E471607ECCB947E1538B0815 /* Pods_Spotyfiend.framework in Frameworks */ = {isa = PBXBuildFile; fileRef = 1B0052CC1050B2B0758EDB5C /* Pods_Spotyfiend.framework */; };
/* End PBXBuildFile section */

/* Begin PBXContainerItemProxy section */
		4AEC4B16223844B4004BC04C /* PBXContainerItemProxy */ = {
			isa = PBXContainerItemProxy;
			containerPortal = 4AEC4AF9223844B3004BC04C /* Project object */;
			proxyType = 1;
			remoteGlobalIDString = 4AEC4B00223844B3004BC04C;
			remoteInfo = Spotyfiend;
		};
		4AEC4B21223844B4004BC04C /* PBXContainerItemProxy */ = {
			isa = PBXContainerItemProxy;
			containerPortal = 4AEC4AF9223844B3004BC04C /* Project object */;
			proxyType = 1;
			remoteGlobalIDString = 4AEC4B00223844B3004BC04C;
			remoteInfo = Spotyfiend;
		};
/* End PBXContainerItemProxy section */

/* Begin PBXFileReference section */
		13058BC549B13858A2DDBABC /* Pods-SpotyfiendTests.debug.xcconfig */ = {isa = PBXFileReference; includeInIndex = 1; lastKnownFileType = text.xcconfig; name = "Pods-SpotyfiendTests.debug.xcconfig"; path = "Pods/Target Support Files/Pods-SpotyfiendTests/Pods-SpotyfiendTests.debug.xcconfig"; sourceTree = "<group>"; };
		1B0052CC1050B2B0758EDB5C /* Pods_Spotyfiend.framework */ = {isa = PBXFileReference; explicitFileType = wrapper.framework; includeInIndex = 0; path = Pods_Spotyfiend.framework; sourceTree = BUILT_PRODUCTS_DIR; };
		2D57BBDA9D6E5B0E97D37156 /* Pods-SpotyfiendTests.release.xcconfig */ = {isa = PBXFileReference; includeInIndex = 1; lastKnownFileType = text.xcconfig; name = "Pods-SpotyfiendTests.release.xcconfig"; path = "Pods/Target Support Files/Pods-SpotyfiendTests/Pods-SpotyfiendTests.release.xcconfig"; sourceTree = "<group>"; };
		4AE585B52238472C0082DF0E /* FlowCoordinator.swift */ = {isa = PBXFileReference; fileEncoding = 4; lastKnownFileType = sourcecode.swift; path = FlowCoordinator.swift; sourceTree = "<group>"; };
		4AE585B62238472C0082DF0E /* Dependencies.swift */ = {isa = PBXFileReference; fileEncoding = 4; lastKnownFileType = sourcecode.swift; path = Dependencies.swift; sourceTree = "<group>"; };
		4AE585B72238472C0082DF0E /* ViewModel.swift */ = {isa = PBXFileReference; fileEncoding = 4; lastKnownFileType = sourcecode.swift; path = ViewModel.swift; sourceTree = "<group>"; };
		4AE585B82238472C0082DF0E /* FlowCoordinatorViewController.swift */ = {isa = PBXFileReference; fileEncoding = 4; lastKnownFileType = sourcecode.swift; path = FlowCoordinatorViewController.swift; sourceTree = "<group>"; };
		4AE585BA2238472C0082DF0E /* SettingsViewModel.swift */ = {isa = PBXFileReference; fileEncoding = 4; lastKnownFileType = sourcecode.swift; path = SettingsViewModel.swift; sourceTree = "<group>"; };
		4AE585BB2238472C0082DF0E /* SettingsCoordinator.swift */ = {isa = PBXFileReference; fileEncoding = 4; lastKnownFileType = sourcecode.swift; path = SettingsCoordinator.swift; sourceTree = "<group>"; };
		4AE585BC2238472C0082DF0E /* SettingsViewController.xib */ = {isa = PBXFileReference; fileEncoding = 4; lastKnownFileType = file.xib; path = SettingsViewController.xib; sourceTree = "<group>"; };
		4AE585BD2238472C0082DF0E /* SettingsViewController.swift */ = {isa = PBXFileReference; fileEncoding = 4; lastKnownFileType = sourcecode.swift; path = SettingsViewController.swift; sourceTree = "<group>"; };
		4AE585BF2238472C0082DF0E /* Assets.xcassets */ = {isa = PBXFileReference; lastKnownFileType = folder.assetcatalog; path = Assets.xcassets; sourceTree = "<group>"; };
		4AE585C02238472C0082DF0E /* Info.plist */ = {isa = PBXFileReference; fileEncoding = 4; lastKnownFileType = text.plist.xml; path = Info.plist; sourceTree = "<group>"; };
		4AE585C12238472C0082DF0E /* HomeViewController.swift */ = {isa = PBXFileReference; fileEncoding = 4; lastKnownFileType = sourcecode.swift; path = HomeViewController.swift; sourceTree = "<group>"; };
		4AE585C32238472C0082DF0E /* HomeViewModel.swift */ = {isa = PBXFileReference; fileEncoding = 4; lastKnownFileType = sourcecode.swift; path = HomeViewModel.swift; sourceTree = "<group>"; };
		4AE585C42238472C0082DF0E /* HomeViewController.xib */ = {isa = PBXFileReference; fileEncoding = 4; lastKnownFileType = file.xib; path = HomeViewController.xib; sourceTree = "<group>"; };
		4AE585C52238472C0082DF0E /* HomeCoordinator.swift */ = {isa = PBXFileReference; fileEncoding = 4; lastKnownFileType = sourcecode.swift; path = HomeCoordinator.swift; sourceTree = "<group>"; };
		4AE585C72238472C0082DF0E /* AppCoordinator.swift */ = {isa = PBXFileReference; fileEncoding = 4; lastKnownFileType = sourcecode.swift; path = AppCoordinator.swift; sourceTree = "<group>"; };
		4AE585C92238472C0082DF0E /* Base */ = {isa = PBXFileReference; lastKnownFileType = file.storyboard; name = Base; path = Base.lproj/LaunchScreen.storyboard; sourceTree = "<group>"; };
		4AE585CA2238472C0082DF0E /* AppDelegate.swift */ = {isa = PBXFileReference; fileEncoding = 4; lastKnownFileType = sourcecode.swift; path = AppDelegate.swift; sourceTree = "<group>"; };
		4AE585CC2238472C0082DF0E /* SearchViewController.swift */ = {isa = PBXFileReference; fileEncoding = 4; lastKnownFileType = sourcecode.swift; path = SearchViewController.swift; sourceTree = "<group>"; };
		4AE585CD2238472C0082DF0E /* SearchCoordinator.swift */ = {isa = PBXFileReference; fileEncoding = 4; lastKnownFileType = sourcecode.swift; path = SearchCoordinator.swift; sourceTree = "<group>"; };
		4AE585CE2238472C0082DF0E /* SearchViewController.xib */ = {isa = PBXFileReference; fileEncoding = 4; lastKnownFileType = file.xib; path = SearchViewController.xib; sourceTree = "<group>"; };
		4AE585E522384BFC0082DF0E /* SpotifyConstants.swift */ = {isa = PBXFileReference; lastKnownFileType = sourcecode.swift; path = SpotifyConstants.swift; sourceTree = "<group>"; };
		4AE585F1223851B50082DF0E /* SpotifyService.swift */ = {isa = PBXFileReference; fileEncoding = 4; lastKnownFileType = sourcecode.swift; path = SpotifyService.swift; sourceTree = "<group>"; };
		4AE585F322397D690082DF0E /* AsynchronousOperation.swift */ = {isa = PBXFileReference; fileEncoding = 4; lastKnownFileType = sourcecode.swift; path = AsynchronousOperation.swift; sourceTree = "<group>"; };
		4AE585F622397DB60082DF0E /* SearchArtistOperation.swift */ = {isa = PBXFileReference; lastKnownFileType = sourcecode.swift; path = SearchArtistOperation.swift; sourceTree = "<group>"; };
		4AEC4B01223844B3004BC04C /* Spotyfiend.app */ = {isa = PBXFileReference; explicitFileType = wrapper.application; includeInIndex = 0; path = Spotyfiend.app; sourceTree = BUILT_PRODUCTS_DIR; };
		4AEC4B15223844B4004BC04C /* SpotyfiendTests.xctest */ = {isa = PBXFileReference; explicitFileType = wrapper.cfbundle; includeInIndex = 0; path = SpotyfiendTests.xctest; sourceTree = BUILT_PRODUCTS_DIR; };
		4AEC4B19223844B4004BC04C /* SpotyfiendTests.swift */ = {isa = PBXFileReference; lastKnownFileType = sourcecode.swift; path = SpotyfiendTests.swift; sourceTree = "<group>"; };
		4AEC4B1B223844B4004BC04C /* Info.plist */ = {isa = PBXFileReference; lastKnownFileType = text.plist.xml; path = Info.plist; sourceTree = "<group>"; };
		4AEC4B20223844B4004BC04C /* SpotyfiendUITests.xctest */ = {isa = PBXFileReference; explicitFileType = wrapper.cfbundle; includeInIndex = 0; path = SpotyfiendUITests.xctest; sourceTree = BUILT_PRODUCTS_DIR; };
		4AEC4B24223844B4004BC04C /* SpotyfiendUITests.swift */ = {isa = PBXFileReference; lastKnownFileType = sourcecode.swift; path = SpotyfiendUITests.swift; sourceTree = "<group>"; };
		4AEC4B26223844B4004BC04C /* Info.plist */ = {isa = PBXFileReference; lastKnownFileType = text.plist.xml; path = Info.plist; sourceTree = "<group>"; };
		89775CDB06649B30B0F12D5C /* Pods_SpotyfiendUITests.framework */ = {isa = PBXFileReference; explicitFileType = wrapper.framework; includeInIndex = 0; path = Pods_SpotyfiendUITests.framework; sourceTree = BUILT_PRODUCTS_DIR; };
		A2A9B5607DC73A9415336C5E /* Pods-Spotyfiend.debug.xcconfig */ = {isa = PBXFileReference; includeInIndex = 1; lastKnownFileType = text.xcconfig; name = "Pods-Spotyfiend.debug.xcconfig"; path = "Pods/Target Support Files/Pods-Spotyfiend/Pods-Spotyfiend.debug.xcconfig"; sourceTree = "<group>"; };
		A818C44032E5DE3414B6BD69 /* Pods-SpotyfiendUITests.debug.xcconfig */ = {isa = PBXFileReference; includeInIndex = 1; lastKnownFileType = text.xcconfig; name = "Pods-SpotyfiendUITests.debug.xcconfig"; path = "Pods/Target Support Files/Pods-SpotyfiendUITests/Pods-SpotyfiendUITests.debug.xcconfig"; sourceTree = "<group>"; };
		C1B6EA12312DA30F55C6C622 /* Pods-SpotyfiendUITests.release.xcconfig */ = {isa = PBXFileReference; includeInIndex = 1; lastKnownFileType = text.xcconfig; name = "Pods-SpotyfiendUITests.release.xcconfig"; path = "Pods/Target Support Files/Pods-SpotyfiendUITests/Pods-SpotyfiendUITests.release.xcconfig"; sourceTree = "<group>"; };
		D74110C06D0DF4BE6C920B28 /* Pods_SpotyfiendTests.framework */ = {isa = PBXFileReference; explicitFileType = wrapper.framework; includeInIndex = 0; path = Pods_SpotyfiendTests.framework; sourceTree = BUILT_PRODUCTS_DIR; };
		EFFFB988C7F6EE242BCDF355 /* Pods-Spotyfiend.release.xcconfig */ = {isa = PBXFileReference; includeInIndex = 1; lastKnownFileType = text.xcconfig; name = "Pods-Spotyfiend.release.xcconfig"; path = "Pods/Target Support Files/Pods-Spotyfiend/Pods-Spotyfiend.release.xcconfig"; sourceTree = "<group>"; };
/* End PBXFileReference section */

/* Begin PBXFrameworksBuildPhase section */
		4AEC4AFE223844B3004BC04C /* Frameworks */ = {
			isa = PBXFrameworksBuildPhase;
			buildActionMask = 2147483647;
			files = (
				E471607ECCB947E1538B0815 /* Pods_Spotyfiend.framework in Frameworks */,
			);
			runOnlyForDeploymentPostprocessing = 0;
		};
		4AEC4B12223844B4004BC04C /* Frameworks */ = {
			isa = PBXFrameworksBuildPhase;
			buildActionMask = 2147483647;
			files = (
				23C75CCDBBEC60D694673440 /* Pods_SpotyfiendTests.framework in Frameworks */,
			);
			runOnlyForDeploymentPostprocessing = 0;
		};
		4AEC4B1D223844B4004BC04C /* Frameworks */ = {
			isa = PBXFrameworksBuildPhase;
			buildActionMask = 2147483647;
			files = (
				1F7AA015F92C95236EF93DC9 /* Pods_SpotyfiendUITests.framework in Frameworks */,
			);
			runOnlyForDeploymentPostprocessing = 0;
		};
/* End PBXFrameworksBuildPhase section */

/* Begin PBXGroup section */
		4AE585B42238472C0082DF0E /* SharedProtocols */ = {
			isa = PBXGroup;
			children = (
				4AE585B52238472C0082DF0E /* FlowCoordinator.swift */,
				4AE585B62238472C0082DF0E /* Dependencies.swift */,
				4AE585B72238472C0082DF0E /* ViewModel.swift */,
				4AE585B82238472C0082DF0E /* FlowCoordinatorViewController.swift */,
			);
			path = SharedProtocols;
			sourceTree = "<group>";
		};
		4AE585B92238472C0082DF0E /* Settings */ = {
			isa = PBXGroup;
			children = (
				4AE585BA2238472C0082DF0E /* SettingsViewModel.swift */,
				4AE585BB2238472C0082DF0E /* SettingsCoordinator.swift */,
				4AE585BC2238472C0082DF0E /* SettingsViewController.xib */,
				4AE585BD2238472C0082DF0E /* SettingsViewController.swift */,
			);
			path = Settings;
			sourceTree = "<group>";
		};
		4AE585BE2238472C0082DF0E /* Resources */ = {
			isa = PBXGroup;
			children = (
				4AE585BF2238472C0082DF0E /* Assets.xcassets */,
				4AE585C02238472C0082DF0E /* Info.plist */,
			);
			path = Resources;
			sourceTree = "<group>";
		};
		4AE585C22238472C0082DF0E /* Home */ = {
			isa = PBXGroup;
			children = (
				4AE585C12238472C0082DF0E /* HomeViewController.swift */,
				4AE585C32238472C0082DF0E /* HomeViewModel.swift */,
				4AE585C42238472C0082DF0E /* HomeViewController.xib */,
				4AE585C52238472C0082DF0E /* HomeCoordinator.swift */,
			);
			path = Home;
			sourceTree = "<group>";
		};
		4AE585C62238472C0082DF0E /* AppSetup */ = {
			isa = PBXGroup;
			children = (
				4AE585C72238472C0082DF0E /* AppCoordinator.swift */,
				4AE585C82238472C0082DF0E /* LaunchScreen.storyboard */,
				4AE585CA2238472C0082DF0E /* AppDelegate.swift */,
			);
			path = AppSetup;
			sourceTree = "<group>";
		};
		4AE585CB2238472C0082DF0E /* Search */ = {
			isa = PBXGroup;
			children = (
				4AE585CC2238472C0082DF0E /* SearchViewController.swift */,
				4AE585CD2238472C0082DF0E /* SearchCoordinator.swift */,
				4AE585CE2238472C0082DF0E /* SearchViewController.xib */,
			);
			path = Search;
			sourceTree = "<group>";
		};
		4AE585E422384BE50082DF0E /* Config */ = {
			isa = PBXGroup;
			children = (
				4AE585E522384BFC0082DF0E /* SpotifyConstants.swift */,
			);
			path = Config;
			sourceTree = "<group>";
		};
		4AE585F0223851B50082DF0E /* Spotify */ = {
			isa = PBXGroup;
			children = (
				4AE585F1223851B50082DF0E /* SpotifyService.swift */,
				4AE585F522397D8C0082DF0E /* Operations */,
			);
			path = Spotify;
			sourceTree = "<group>";
		};
		4AE585F522397D8C0082DF0E /* Operations */ = {
			isa = PBXGroup;
			children = (
				4AE585F322397D690082DF0E /* AsynchronousOperation.swift */,
				4AE585F622397DB60082DF0E /* SearchArtistOperation.swift */,
			);
			path = Operations;
			sourceTree = "<group>";
		};
		4AEC4AF8223844B3004BC04C = {
			isa = PBXGroup;
			children = (
				4AEC4B03223844B3004BC04C /* Spotyfiend */,
				4AEC4B18223844B4004BC04C /* SpotyfiendTests */,
				4AEC4B23223844B4004BC04C /* SpotyfiendUITests */,
				4AEC4B02223844B3004BC04C /* Products */,
				AFAB1490C1493DF837872A04 /* Frameworks */,
				4EF87C2164157FE90F526C91 /* Pods */,
			);
			sourceTree = "<group>";
		};
		4AEC4B02223844B3004BC04C /* Products */ = {
			isa = PBXGroup;
			children = (
				4AEC4B01223844B3004BC04C /* Spotyfiend.app */,
				4AEC4B15223844B4004BC04C /* SpotyfiendTests.xctest */,
				4AEC4B20223844B4004BC04C /* SpotyfiendUITests.xctest */,
			);
			name = Products;
			sourceTree = "<group>";
		};
		4AEC4B03223844B3004BC04C /* Spotyfiend */ = {
			isa = PBXGroup;
			children = (
				4AE585F0223851B50082DF0E /* Spotify */,
				4AE585E422384BE50082DF0E /* Config */,
				4AE585C62238472C0082DF0E /* AppSetup */,
				4AE585C22238472C0082DF0E /* Home */,
				4AE585BE2238472C0082DF0E /* Resources */,
				4AE585CB2238472C0082DF0E /* Search */,
				4AE585B92238472C0082DF0E /* Settings */,
				4AE585B42238472C0082DF0E /* SharedProtocols */,
			);
			path = Spotyfiend;
			sourceTree = "<group>";
		};
		4AEC4B18223844B4004BC04C /* SpotyfiendTests */ = {
			isa = PBXGroup;
			children = (
				4AEC4B19223844B4004BC04C /* SpotyfiendTests.swift */,
				4AEC4B1B223844B4004BC04C /* Info.plist */,
			);
			path = SpotyfiendTests;
			sourceTree = "<group>";
		};
		4AEC4B23223844B4004BC04C /* SpotyfiendUITests */ = {
			isa = PBXGroup;
			children = (
				4AEC4B24223844B4004BC04C /* SpotyfiendUITests.swift */,
				4AEC4B26223844B4004BC04C /* Info.plist */,
			);
			path = SpotyfiendUITests;
			sourceTree = "<group>";
		};
		4EF87C2164157FE90F526C91 /* Pods */ = {
			isa = PBXGroup;
			children = (
				A2A9B5607DC73A9415336C5E /* Pods-Spotyfiend.debug.xcconfig */,
				EFFFB988C7F6EE242BCDF355 /* Pods-Spotyfiend.release.xcconfig */,
				13058BC549B13858A2DDBABC /* Pods-SpotyfiendTests.debug.xcconfig */,
				2D57BBDA9D6E5B0E97D37156 /* Pods-SpotyfiendTests.release.xcconfig */,
				A818C44032E5DE3414B6BD69 /* Pods-SpotyfiendUITests.debug.xcconfig */,
				C1B6EA12312DA30F55C6C622 /* Pods-SpotyfiendUITests.release.xcconfig */,
			);
			name = Pods;
			sourceTree = "<group>";
		};
		AFAB1490C1493DF837872A04 /* Frameworks */ = {
			isa = PBXGroup;
			children = (
				1B0052CC1050B2B0758EDB5C /* Pods_Spotyfiend.framework */,
				D74110C06D0DF4BE6C920B28 /* Pods_SpotyfiendTests.framework */,
				89775CDB06649B30B0F12D5C /* Pods_SpotyfiendUITests.framework */,
			);
			name = Frameworks;
			sourceTree = "<group>";
		};
/* End PBXGroup section */

/* Begin PBXNativeTarget section */
		4AEC4B00223844B3004BC04C /* Spotyfiend */ = {
			isa = PBXNativeTarget;
			buildConfigurationList = 4AEC4B29223844B4004BC04C /* Build configuration list for PBXNativeTarget "Spotyfiend" */;
			buildPhases = (
				9BB90D1BC4AC9362F9734DB3 /* [CP] Check Pods Manifest.lock */,
				4AEC4AFD223844B3004BC04C /* Sources */,
				4AEC4AFE223844B3004BC04C /* Frameworks */,
				4AEC4AFF223844B3004BC04C /* Resources */,
				07C21EFA15E036A89E7A351C /* [CP] Embed Pods Frameworks */,
			);
			buildRules = (
			);
			dependencies = (
			);
			name = Spotyfiend;
			productName = Spotyfiend;
			productReference = 4AEC4B01223844B3004BC04C /* Spotyfiend.app */;
			productType = "com.apple.product-type.application";
		};
		4AEC4B14223844B4004BC04C /* SpotyfiendTests */ = {
			isa = PBXNativeTarget;
			buildConfigurationList = 4AEC4B2C223844B4004BC04C /* Build configuration list for PBXNativeTarget "SpotyfiendTests" */;
			buildPhases = (
				03D3F88396C179A0AF16C725 /* [CP] Check Pods Manifest.lock */,
				4AEC4B11223844B4004BC04C /* Sources */,
				4AEC4B12223844B4004BC04C /* Frameworks */,
				4AEC4B13223844B4004BC04C /* Resources */,
			);
			buildRules = (
			);
			dependencies = (
				4AEC4B17223844B4004BC04C /* PBXTargetDependency */,
			);
			name = SpotyfiendTests;
			productName = SpotyfiendTests;
			productReference = 4AEC4B15223844B4004BC04C /* SpotyfiendTests.xctest */;
			productType = "com.apple.product-type.bundle.unit-test";
		};
		4AEC4B1F223844B4004BC04C /* SpotyfiendUITests */ = {
			isa = PBXNativeTarget;
			buildConfigurationList = 4AEC4B2F223844B4004BC04C /* Build configuration list for PBXNativeTarget "SpotyfiendUITests" */;
			buildPhases = (
				D1135B507DCC335D89CEED8E /* [CP] Check Pods Manifest.lock */,
				4AEC4B1C223844B4004BC04C /* Sources */,
				4AEC4B1D223844B4004BC04C /* Frameworks */,
				4AEC4B1E223844B4004BC04C /* Resources */,
			);
			buildRules = (
			);
			dependencies = (
				4AEC4B22223844B4004BC04C /* PBXTargetDependency */,
			);
			name = SpotyfiendUITests;
			productName = SpotyfiendUITests;
			productReference = 4AEC4B20223844B4004BC04C /* SpotyfiendUITests.xctest */;
			productType = "com.apple.product-type.bundle.ui-testing";
		};
/* End PBXNativeTarget section */

/* Begin PBXProject section */
		4AEC4AF9223844B3004BC04C /* Project object */ = {
			isa = PBXProject;
			attributes = {
				LastSwiftUpdateCheck = 1010;
				LastUpgradeCheck = 1010;
				ORGANIZATIONNAME = "Setec Astronomy";
				TargetAttributes = {
					4AEC4B00223844B3004BC04C = {
						CreatedOnToolsVersion = 10.1;
						LastSwiftMigration = 1010;
					};
					4AEC4B14223844B4004BC04C = {
						CreatedOnToolsVersion = 10.1;
						TestTargetID = 4AEC4B00223844B3004BC04C;
					};
					4AEC4B1F223844B4004BC04C = {
						CreatedOnToolsVersion = 10.1;
						TestTargetID = 4AEC4B00223844B3004BC04C;
					};
				};
			};
			buildConfigurationList = 4AEC4AFC223844B3004BC04C /* Build configuration list for PBXProject "Spotyfiend" */;
			compatibilityVersion = "Xcode 9.3";
			developmentRegion = en;
			hasScannedForEncodings = 0;
			knownRegions = (
				en,
				Base,
			);
			mainGroup = 4AEC4AF8223844B3004BC04C;
			productRefGroup = 4AEC4B02223844B3004BC04C /* Products */;
			projectDirPath = "";
			projectRoot = "";
			targets = (
				4AEC4B00223844B3004BC04C /* Spotyfiend */,
				4AEC4B14223844B4004BC04C /* SpotyfiendTests */,
				4AEC4B1F223844B4004BC04C /* SpotyfiendUITests */,
			);
		};
/* End PBXProject section */

/* Begin PBXResourcesBuildPhase section */
		4AEC4AFF223844B3004BC04C /* Resources */ = {
			isa = PBXResourcesBuildPhase;
			buildActionMask = 2147483647;
			files = (
				4AE585D72238472C0082DF0E /* Assets.xcassets in Resources */,
				4AE585D52238472C0082DF0E /* SettingsViewController.xib in Resources */,
				4AE585E22238472C0082DF0E /* SearchViewController.xib in Resources */,
				4AE585E32238484E0082DF0E /* LaunchScreen.storyboard in Resources */,
				4AE585DB2238472C0082DF0E /* HomeViewController.xib in Resources */,
			);
			runOnlyForDeploymentPostprocessing = 0;
		};
		4AEC4B13223844B4004BC04C /* Resources */ = {
			isa = PBXResourcesBuildPhase;
			buildActionMask = 2147483647;
			files = (
			);
			runOnlyForDeploymentPostprocessing = 0;
		};
		4AEC4B1E223844B4004BC04C /* Resources */ = {
			isa = PBXResourcesBuildPhase;
			buildActionMask = 2147483647;
			files = (
			);
			runOnlyForDeploymentPostprocessing = 0;
		};
/* End PBXResourcesBuildPhase section */

/* Begin PBXShellScriptBuildPhase section */
		03D3F88396C179A0AF16C725 /* [CP] Check Pods Manifest.lock */ = {
			isa = PBXShellScriptBuildPhase;
			buildActionMask = 2147483647;
			files = (
			);
			inputFileListPaths = (
			);
			inputPaths = (
				"${PODS_PODFILE_DIR_PATH}/Podfile.lock",
				"${PODS_ROOT}/Manifest.lock",
			);
			name = "[CP] Check Pods Manifest.lock";
			outputFileListPaths = (
			);
			outputPaths = (
				"$(DERIVED_FILE_DIR)/Pods-SpotyfiendTests-checkManifestLockResult.txt",
			);
			runOnlyForDeploymentPostprocessing = 0;
			shellPath = /bin/sh;
			shellScript = "diff \"${PODS_PODFILE_DIR_PATH}/Podfile.lock\" \"${PODS_ROOT}/Manifest.lock\" > /dev/null\nif [ $? != 0 ] ; then\n    # print error to STDERR\n    echo \"error: The sandbox is not in sync with the Podfile.lock. Run 'pod install' or update your CocoaPods installation.\" >&2\n    exit 1\nfi\n# This output is used by Xcode 'outputs' to avoid re-running this script phase.\necho \"SUCCESS\" > \"${SCRIPT_OUTPUT_FILE_0}\"\n";
			showEnvVarsInLog = 0;
		};
		07C21EFA15E036A89E7A351C /* [CP] Embed Pods Frameworks */ = {
			isa = PBXShellScriptBuildPhase;
			buildActionMask = 2147483647;
			files = (
			);
			inputFileListPaths = (
			);
			inputPaths = (
				"${SRCROOT}/Pods/Target Support Files/Pods-Spotyfiend/Pods-Spotyfiend-frameworks.sh",
				"${BUILT_PRODUCTS_DIR}/SpotifyKit/SpotifyKit.framework",
			);
			name = "[CP] Embed Pods Frameworks";
			outputFileListPaths = (
			);
			outputPaths = (
				"${TARGET_BUILD_DIR}/${FRAMEWORKS_FOLDER_PATH}/SpotifyKit.framework",
			);
			runOnlyForDeploymentPostprocessing = 0;
			shellPath = /bin/sh;
			shellScript = "\"${SRCROOT}/Pods/Target Support Files/Pods-Spotyfiend/Pods-Spotyfiend-frameworks.sh\"\n";
			showEnvVarsInLog = 0;
		};
		9BB90D1BC4AC9362F9734DB3 /* [CP] Check Pods Manifest.lock */ = {
			isa = PBXShellScriptBuildPhase;
			buildActionMask = 2147483647;
			files = (
			);
			inputFileListPaths = (
			);
			inputPaths = (
				"${PODS_PODFILE_DIR_PATH}/Podfile.lock",
				"${PODS_ROOT}/Manifest.lock",
			);
			name = "[CP] Check Pods Manifest.lock";
			outputFileListPaths = (
			);
			outputPaths = (
				"$(DERIVED_FILE_DIR)/Pods-Spotyfiend-checkManifestLockResult.txt",
			);
			runOnlyForDeploymentPostprocessing = 0;
			shellPath = /bin/sh;
			shellScript = "diff \"${PODS_PODFILE_DIR_PATH}/Podfile.lock\" \"${PODS_ROOT}/Manifest.lock\" > /dev/null\nif [ $? != 0 ] ; then\n    # print error to STDERR\n    echo \"error: The sandbox is not in sync with the Podfile.lock. Run 'pod install' or update your CocoaPods installation.\" >&2\n    exit 1\nfi\n# This output is used by Xcode 'outputs' to avoid re-running this script phase.\necho \"SUCCESS\" > \"${SCRIPT_OUTPUT_FILE_0}\"\n";
			showEnvVarsInLog = 0;
		};
		D1135B507DCC335D89CEED8E /* [CP] Check Pods Manifest.lock */ = {
			isa = PBXShellScriptBuildPhase;
			buildActionMask = 2147483647;
			files = (
			);
			inputFileListPaths = (
			);
			inputPaths = (
				"${PODS_PODFILE_DIR_PATH}/Podfile.lock",
				"${PODS_ROOT}/Manifest.lock",
			);
			name = "[CP] Check Pods Manifest.lock";
			outputFileListPaths = (
			);
			outputPaths = (
				"$(DERIVED_FILE_DIR)/Pods-SpotyfiendUITests-checkManifestLockResult.txt",
			);
			runOnlyForDeploymentPostprocessing = 0;
			shellPath = /bin/sh;
			shellScript = "diff \"${PODS_PODFILE_DIR_PATH}/Podfile.lock\" \"${PODS_ROOT}/Manifest.lock\" > /dev/null\nif [ $? != 0 ] ; then\n    # print error to STDERR\n    echo \"error: The sandbox is not in sync with the Podfile.lock. Run 'pod install' or update your CocoaPods installation.\" >&2\n    exit 1\nfi\n# This output is used by Xcode 'outputs' to avoid re-running this script phase.\necho \"SUCCESS\" > \"${SCRIPT_OUTPUT_FILE_0}\"\n";
			showEnvVarsInLog = 0;
		};
/* End PBXShellScriptBuildPhase section */

/* Begin PBXSourcesBuildPhase section */
		4AEC4AFD223844B3004BC04C /* Sources */ = {
			isa = PBXSourcesBuildPhase;
			buildActionMask = 2147483647;
			files = (
				4AE585DF2238472C0082DF0E /* AppDelegate.swift in Sources */,
				4AE585DD2238472C0082DF0E /* AppCoordinator.swift in Sources */,
				4AE585D32238472C0082DF0E /* SettingsViewModel.swift in Sources */,
				4AE585DA2238472C0082DF0E /* HomeViewModel.swift in Sources */,
				4AE585E622384BFC0082DF0E /* SpotifyConstants.swift in Sources */,
				4AE585D42238472C0082DF0E /* SettingsCoordinator.swift in Sources */,
				4AE585D62238472C0082DF0E /* SettingsViewController.swift in Sources */,
				4AE585E12238472C0082DF0E /* SearchCoordinator.swift in Sources */,
				4AE585D92238472C0082DF0E /* HomeViewController.swift in Sources */,
				4AE585D02238472C0082DF0E /* Dependencies.swift in Sources */,
				4AE585E02238472C0082DF0E /* SearchViewController.swift in Sources */,
				4AE585D22238472C0082DF0E /* FlowCoordinatorViewController.swift in Sources */,
				4AE585DC2238472C0082DF0E /* HomeCoordinator.swift in Sources */,
				4AE585D12238472C0082DF0E /* ViewModel.swift in Sources */,
				4AE585F422397D690082DF0E /* AsynchronousOperation.swift in Sources */,
				4AE585F2223851B50082DF0E /* SpotifyService.swift in Sources */,
				4AE585F722397DB60082DF0E /* SearchArtistOperation.swift in Sources */,
				4AE585CF2238472C0082DF0E /* FlowCoordinator.swift in Sources */,
			);
			runOnlyForDeploymentPostprocessing = 0;
		};
		4AEC4B11223844B4004BC04C /* Sources */ = {
			isa = PBXSourcesBuildPhase;
			buildActionMask = 2147483647;
			files = (
				4AEC4B1A223844B4004BC04C /* SpotyfiendTests.swift in Sources */,
			);
			runOnlyForDeploymentPostprocessing = 0;
		};
		4AEC4B1C223844B4004BC04C /* Sources */ = {
			isa = PBXSourcesBuildPhase;
			buildActionMask = 2147483647;
			files = (
				4AEC4B25223844B4004BC04C /* SpotyfiendUITests.swift in Sources */,
			);
			runOnlyForDeploymentPostprocessing = 0;
		};
/* End PBXSourcesBuildPhase section */

/* Begin PBXTargetDependency section */
		4AEC4B17223844B4004BC04C /* PBXTargetDependency */ = {
			isa = PBXTargetDependency;
			target = 4AEC4B00223844B3004BC04C /* Spotyfiend */;
			targetProxy = 4AEC4B16223844B4004BC04C /* PBXContainerItemProxy */;
		};
		4AEC4B22223844B4004BC04C /* PBXTargetDependency */ = {
			isa = PBXTargetDependency;
			target = 4AEC4B00223844B3004BC04C /* Spotyfiend */;
			targetProxy = 4AEC4B21223844B4004BC04C /* PBXContainerItemProxy */;
		};
/* End PBXTargetDependency section */

/* Begin PBXVariantGroup section */
		4AE585C82238472C0082DF0E /* LaunchScreen.storyboard */ = {
			isa = PBXVariantGroup;
			children = (
				4AE585C92238472C0082DF0E /* Base */,
			);
			name = LaunchScreen.storyboard;
			sourceTree = "<group>";
		};
/* End PBXVariantGroup section */

/* Begin XCBuildConfiguration section */
		4AEC4B27223844B4004BC04C /* Debug */ = {
			isa = XCBuildConfiguration;
			buildSettings = {
				ALWAYS_SEARCH_USER_PATHS = NO;
				CLANG_ANALYZER_NONNULL = YES;
				CLANG_ANALYZER_NUMBER_OBJECT_CONVERSION = YES_AGGRESSIVE;
				CLANG_CXX_LANGUAGE_STANDARD = "gnu++14";
				CLANG_CXX_LIBRARY = "libc++";
				CLANG_ENABLE_MODULES = YES;
				CLANG_ENABLE_OBJC_ARC = YES;
				CLANG_ENABLE_OBJC_WEAK = YES;
				CLANG_WARN_BLOCK_CAPTURE_AUTORELEASING = YES;
				CLANG_WARN_BOOL_CONVERSION = YES;
				CLANG_WARN_COMMA = YES;
				CLANG_WARN_CONSTANT_CONVERSION = YES;
				CLANG_WARN_DEPRECATED_OBJC_IMPLEMENTATIONS = YES;
				CLANG_WARN_DIRECT_OBJC_ISA_USAGE = YES_ERROR;
				CLANG_WARN_DOCUMENTATION_COMMENTS = YES;
				CLANG_WARN_EMPTY_BODY = YES;
				CLANG_WARN_ENUM_CONVERSION = YES;
				CLANG_WARN_INFINITE_RECURSION = YES;
				CLANG_WARN_INT_CONVERSION = YES;
				CLANG_WARN_NON_LITERAL_NULL_CONVERSION = YES;
				CLANG_WARN_OBJC_IMPLICIT_RETAIN_SELF = YES;
				CLANG_WARN_OBJC_LITERAL_CONVERSION = YES;
				CLANG_WARN_OBJC_ROOT_CLASS = YES_ERROR;
				CLANG_WARN_RANGE_LOOP_ANALYSIS = YES;
				CLANG_WARN_STRICT_PROTOTYPES = YES;
				CLANG_WARN_SUSPICIOUS_MOVE = YES;
				CLANG_WARN_UNGUARDED_AVAILABILITY = YES_AGGRESSIVE;
				CLANG_WARN_UNREACHABLE_CODE = YES;
				CLANG_WARN__DUPLICATE_METHOD_MATCH = YES;
				CODE_SIGN_IDENTITY = "iPhone Developer";
				COPY_PHASE_STRIP = NO;
				DEBUG_INFORMATION_FORMAT = dwarf;
				ENABLE_STRICT_OBJC_MSGSEND = YES;
				ENABLE_TESTABILITY = YES;
				GCC_C_LANGUAGE_STANDARD = gnu11;
				GCC_DYNAMIC_NO_PIC = NO;
				GCC_NO_COMMON_BLOCKS = YES;
				GCC_OPTIMIZATION_LEVEL = 0;
				GCC_PREPROCESSOR_DEFINITIONS = (
					"DEBUG=1",
					"$(inherited)",
				);
				GCC_WARN_64_TO_32_BIT_CONVERSION = YES;
				GCC_WARN_ABOUT_RETURN_TYPE = YES_ERROR;
				GCC_WARN_UNDECLARED_SELECTOR = YES;
				GCC_WARN_UNINITIALIZED_AUTOS = YES_AGGRESSIVE;
				GCC_WARN_UNUSED_FUNCTION = YES;
				GCC_WARN_UNUSED_VARIABLE = YES;
				IPHONEOS_DEPLOYMENT_TARGET = 12.1;
				MTL_ENABLE_DEBUG_INFO = INCLUDE_SOURCE;
				MTL_FAST_MATH = YES;
				ONLY_ACTIVE_ARCH = YES;
				SDKROOT = iphoneos;
				SWIFT_ACTIVE_COMPILATION_CONDITIONS = DEBUG;
				SWIFT_OPTIMIZATION_LEVEL = "-Onone";
			};
			name = Debug;
		};
		4AEC4B28223844B4004BC04C /* Release */ = {
			isa = XCBuildConfiguration;
			buildSettings = {
				ALWAYS_SEARCH_USER_PATHS = NO;
				CLANG_ANALYZER_NONNULL = YES;
				CLANG_ANALYZER_NUMBER_OBJECT_CONVERSION = YES_AGGRESSIVE;
				CLANG_CXX_LANGUAGE_STANDARD = "gnu++14";
				CLANG_CXX_LIBRARY = "libc++";
				CLANG_ENABLE_MODULES = YES;
				CLANG_ENABLE_OBJC_ARC = YES;
				CLANG_ENABLE_OBJC_WEAK = YES;
				CLANG_WARN_BLOCK_CAPTURE_AUTORELEASING = YES;
				CLANG_WARN_BOOL_CONVERSION = YES;
				CLANG_WARN_COMMA = YES;
				CLANG_WARN_CONSTANT_CONVERSION = YES;
				CLANG_WARN_DEPRECATED_OBJC_IMPLEMENTATIONS = YES;
				CLANG_WARN_DIRECT_OBJC_ISA_USAGE = YES_ERROR;
				CLANG_WARN_DOCUMENTATION_COMMENTS = YES;
				CLANG_WARN_EMPTY_BODY = YES;
				CLANG_WARN_ENUM_CONVERSION = YES;
				CLANG_WARN_INFINITE_RECURSION = YES;
				CLANG_WARN_INT_CONVERSION = YES;
				CLANG_WARN_NON_LITERAL_NULL_CONVERSION = YES;
				CLANG_WARN_OBJC_IMPLICIT_RETAIN_SELF = YES;
				CLANG_WARN_OBJC_LITERAL_CONVERSION = YES;
				CLANG_WARN_OBJC_ROOT_CLASS = YES_ERROR;
				CLANG_WARN_RANGE_LOOP_ANALYSIS = YES;
				CLANG_WARN_STRICT_PROTOTYPES = YES;
				CLANG_WARN_SUSPICIOUS_MOVE = YES;
				CLANG_WARN_UNGUARDED_AVAILABILITY = YES_AGGRESSIVE;
				CLANG_WARN_UNREACHABLE_CODE = YES;
				CLANG_WARN__DUPLICATE_METHOD_MATCH = YES;
				CODE_SIGN_IDENTITY = "iPhone Developer";
				COPY_PHASE_STRIP = NO;
				DEBUG_INFORMATION_FORMAT = "dwarf-with-dsym";
				ENABLE_NS_ASSERTIONS = NO;
				ENABLE_STRICT_OBJC_MSGSEND = YES;
				GCC_C_LANGUAGE_STANDARD = gnu11;
				GCC_NO_COMMON_BLOCKS = YES;
				GCC_WARN_64_TO_32_BIT_CONVERSION = YES;
				GCC_WARN_ABOUT_RETURN_TYPE = YES_ERROR;
				GCC_WARN_UNDECLARED_SELECTOR = YES;
				GCC_WARN_UNINITIALIZED_AUTOS = YES_AGGRESSIVE;
				GCC_WARN_UNUSED_FUNCTION = YES;
				GCC_WARN_UNUSED_VARIABLE = YES;
				IPHONEOS_DEPLOYMENT_TARGET = 12.1;
				MTL_ENABLE_DEBUG_INFO = NO;
				MTL_FAST_MATH = YES;
				SDKROOT = iphoneos;
				SWIFT_COMPILATION_MODE = wholemodule;
				SWIFT_OPTIMIZATION_LEVEL = "-O";
				VALIDATE_PRODUCT = YES;
			};
			name = Release;
		};
		4AEC4B2A223844B4004BC04C /* Debug */ = {
			isa = XCBuildConfiguration;
			baseConfigurationReference = A2A9B5607DC73A9415336C5E /* Pods-Spotyfiend.debug.xcconfig */;
			buildSettings = {
				ASSETCATALOG_COMPILER_APPICON_NAME = AppIcon;
				CLANG_ENABLE_MODULES = YES;
				CODE_SIGN_STYLE = Automatic;
				DEVELOPMENT_TEAM = UBBFM4Q7C8;
				FRAMEWORK_SEARCH_PATHS = (
					"$(inherited)",
					"$(PROJECT_DIR)",
				);
				INFOPLIST_FILE = "$(SRCROOT)/Spotyfiend/Resources/Info.plist";
				LD_RUNPATH_SEARCH_PATHS = (
					"$(inherited)",
					"@executable_path/Frameworks",
				);
				OTHER_LDFLAGS = "-ObjC";
				PRODUCT_BUNDLE_IDENTIFIER = com.setec.astronony.Spotyfiend;
				PRODUCT_NAME = "$(TARGET_NAME)";
				SWIFT_OBJC_BRIDGING_HEADER = "";
				SWIFT_OPTIMIZATION_LEVEL = "-Onone";
				SWIFT_VERSION = 4.2;
				TARGETED_DEVICE_FAMILY = "1,2";
			};
			name = Debug;
		};
		4AEC4B2B223844B4004BC04C /* Release */ = {
			isa = XCBuildConfiguration;
			baseConfigurationReference = EFFFB988C7F6EE242BCDF355 /* Pods-Spotyfiend.release.xcconfig */;
			buildSettings = {
				ASSETCATALOG_COMPILER_APPICON_NAME = AppIcon;
				CLANG_ENABLE_MODULES = YES;
				CODE_SIGN_STYLE = Automatic;
				DEVELOPMENT_TEAM = UBBFM4Q7C8;
				FRAMEWORK_SEARCH_PATHS = (
					"$(inherited)",
					"$(PROJECT_DIR)",
				);
				INFOPLIST_FILE = "$(SRCROOT)/Spotyfiend/Resources/Info.plist";
				LD_RUNPATH_SEARCH_PATHS = (
					"$(inherited)",
					"@executable_path/Frameworks",
				);
				OTHER_LDFLAGS = "-ObjC";
				PRODUCT_BUNDLE_IDENTIFIER = com.setec.astronony.Spotyfiend;
				PRODUCT_NAME = "$(TARGET_NAME)";
				SWIFT_OBJC_BRIDGING_HEADER = "";
				SWIFT_VERSION = 4.2;
				TARGETED_DEVICE_FAMILY = "1,2";
			};
			name = Release;
		};
		4AEC4B2D223844B4004BC04C /* Debug */ = {
			isa = XCBuildConfiguration;
			baseConfigurationReference = 13058BC549B13858A2DDBABC /* Pods-SpotyfiendTests.debug.xcconfig */;
			buildSettings = {
				ALWAYS_EMBED_SWIFT_STANDARD_LIBRARIES = YES;
				BUNDLE_LOADER = "$(TEST_HOST)";
				CODE_SIGN_STYLE = Automatic;
				DEVELOPMENT_TEAM = UBBFM4Q7C8;
				INFOPLIST_FILE = SpotyfiendTests/Info.plist;
				LD_RUNPATH_SEARCH_PATHS = (
					"$(inherited)",
					"@executable_path/Frameworks",
					"@loader_path/Frameworks",
				);
				PRODUCT_BUNDLE_IDENTIFIER = com.setec.astronony.SpotyfiendTests;
				PRODUCT_NAME = "$(TARGET_NAME)";
				SWIFT_VERSION = 4.2;
				TARGETED_DEVICE_FAMILY = "1,2";
				TEST_HOST = "$(BUILT_PRODUCTS_DIR)/Spotyfiend.app/Spotyfiend";
			};
			name = Debug;
		};
		4AEC4B2E223844B4004BC04C /* Release */ = {
			isa = XCBuildConfiguration;
			baseConfigurationReference = 2D57BBDA9D6E5B0E97D37156 /* Pods-SpotyfiendTests.release.xcconfig */;
			buildSettings = {
				ALWAYS_EMBED_SWIFT_STANDARD_LIBRARIES = YES;
				BUNDLE_LOADER = "$(TEST_HOST)";
				CODE_SIGN_STYLE = Automatic;
				DEVELOPMENT_TEAM = UBBFM4Q7C8;
				INFOPLIST_FILE = SpotyfiendTests/Info.plist;
				LD_RUNPATH_SEARCH_PATHS = (
					"$(inherited)",
					"@executable_path/Frameworks",
					"@loader_path/Frameworks",
				);
				PRODUCT_BUNDLE_IDENTIFIER = com.setec.astronony.SpotyfiendTests;
				PRODUCT_NAME = "$(TARGET_NAME)";
				SWIFT_VERSION = 4.2;
				TARGETED_DEVICE_FAMILY = "1,2";
				TEST_HOST = "$(BUILT_PRODUCTS_DIR)/Spotyfiend.app/Spotyfiend";
			};
			name = Release;
		};
		4AEC4B30223844B4004BC04C /* Debug */ = {
			isa = XCBuildConfiguration;
			baseConfigurationReference = A818C44032E5DE3414B6BD69 /* Pods-SpotyfiendUITests.debug.xcconfig */;
			buildSettings = {
				ALWAYS_EMBED_SWIFT_STANDARD_LIBRARIES = YES;
				CODE_SIGN_STYLE = Automatic;
				DEVELOPMENT_TEAM = UBBFM4Q7C8;
				INFOPLIST_FILE = SpotyfiendUITests/Info.plist;
				LD_RUNPATH_SEARCH_PATHS = (
					"$(inherited)",
					"@executable_path/Frameworks",
					"@loader_path/Frameworks",
				);
				PRODUCT_BUNDLE_IDENTIFIER = com.setec.astronony.SpotyfiendUITests;
				PRODUCT_NAME = "$(TARGET_NAME)";
				SWIFT_VERSION = 4.2;
				TARGETED_DEVICE_FAMILY = "1,2";
				TEST_TARGET_NAME = Spotyfiend;
			};
			name = Debug;
		};
		4AEC4B31223844B4004BC04C /* Release */ = {
			isa = XCBuildConfiguration;
			baseConfigurationReference = C1B6EA12312DA30F55C6C622 /* Pods-SpotyfiendUITests.release.xcconfig */;
			buildSettings = {
				ALWAYS_EMBED_SWIFT_STANDARD_LIBRARIES = YES;
				CODE_SIGN_STYLE = Automatic;
				DEVELOPMENT_TEAM = UBBFM4Q7C8;
				INFOPLIST_FILE = SpotyfiendUITests/Info.plist;
				LD_RUNPATH_SEARCH_PATHS = (
					"$(inherited)",
					"@executable_path/Frameworks",
					"@loader_path/Frameworks",
				);
				PRODUCT_BUNDLE_IDENTIFIER = com.setec.astronony.SpotyfiendUITests;
				PRODUCT_NAME = "$(TARGET_NAME)";
				SWIFT_VERSION = 4.2;
				TARGETED_DEVICE_FAMILY = "1,2";
				TEST_TARGET_NAME = Spotyfiend;
			};
			name = Release;
		};
/* End XCBuildConfiguration section */

/* Begin XCConfigurationList section */
		4AEC4AFC223844B3004BC04C /* Build configuration list for PBXProject "Spotyfiend" */ = {
			isa = XCConfigurationList;
			buildConfigurations = (
				4AEC4B27223844B4004BC04C /* Debug */,
				4AEC4B28223844B4004BC04C /* Release */,
			);
			defaultConfigurationIsVisible = 0;
			defaultConfigurationName = Release;
		};
		4AEC4B29223844B4004BC04C /* Build configuration list for PBXNativeTarget "Spotyfiend" */ = {
			isa = XCConfigurationList;
			buildConfigurations = (
				4AEC4B2A223844B4004BC04C /* Debug */,
				4AEC4B2B223844B4004BC04C /* Release */,
			);
			defaultConfigurationIsVisible = 0;
			defaultConfigurationName = Release;
		};
		4AEC4B2C223844B4004BC04C /* Build configuration list for PBXNativeTarget "SpotyfiendTests" */ = {
			isa = XCConfigurationList;
			buildConfigurations = (
				4AEC4B2D223844B4004BC04C /* Debug */,
				4AEC4B2E223844B4004BC04C /* Release */,
			);
			defaultConfigurationIsVisible = 0;
			defaultConfigurationName = Release;
		};
		4AEC4B2F223844B4004BC04C /* Build configuration list for PBXNativeTarget "SpotyfiendUITests" */ = {
			isa = XCConfigurationList;
			buildConfigurations = (
				4AEC4B30223844B4004BC04C /* Debug */,
				4AEC4B31223844B4004BC04C /* Release */,
			);
			defaultConfigurationIsVisible = 0;
			defaultConfigurationName = Release;
		};
/* End XCConfigurationList section */
	};
	rootObject = 4AEC4AF9223844B3004BC04C /* Project object */;
}
